<?xml version="1.0" encoding="utf-8"?>
<Project ToolsVersion="4.0" xmlns="http://schemas.microsoft.com/developer/msbuild/2003">
  <ItemGroup>
    <Filter Include="Source Files">
      <UniqueIdentifier>{4FC737F1-C7A5-4376-A066-2A32D752A2FF}</UniqueIdentifier>
      <Extensions>cpp;c;cc;cxx;def;odl;idl;hpj;bat;asm;asmx</Extensions>
    </Filter>
    <Filter Include="Header Files">
      <UniqueIdentifier>{93995380-89BD-4b04-88EB-625FBE52EBFB}</UniqueIdentifier>
      <Extensions>h;hpp;hxx;hm;inl;inc;xsd</Extensions>
    </Filter>
    <Filter Include="Resource Files">
      <UniqueIdentifier>{67DA6AB6-F800-4c08-8B7A-83BB121AAD01}</UniqueIdentifier>
      <Extensions>rc;ico;cur;bmp;dlg;rc2;rct;bin;rgs;gif;jpg;jpeg;jpe;resx;tiff;tif;png;wav;mfcribbon-ms</Extensions>
    </Filter>
  </ItemGroup>
  <ItemGroup>
    <ClCompile Include="../json.c">
      <Filter>Source Files</Filter>
    </ClCompile>
    <ClCompile Include="../net_adapter_enum.c">
      <Filter>Source Files</Filter>
    </ClCompile>
    <ClCompile Include="pipe_service.c">
      <Filter>Source Files</Filter>
    </ClCompile>
    <ClCompile Include="../cmd_handler.c">
      <Filter>Source Files</Filter>
    </ClCompile>
    <ClCompile Include="..\comm_with_named_pipe.c">
      <Filter>Source Files</Filter>
    </ClCompile>
    <ClCompile Include="..\smartdnsblock.c">
      <Filter>Source Files</Filter>
    </ClCompile>
    <ClCompile Include="..\win_cmd_wrapper.c">
      <Filter>Source Files</Filter>
    </ClCompile>
    <ClCompile Include="..\utf8_to_wchar.c">
      <Filter>Source Files</Filter>
    </ClCompile>
    <ClCompile Include="..\read_file_timeout.c">
      <Filter>Source Files</Filter>
    </ClCompile>
    <ClCompile Include="..\create_pipe_ex.c">
      <Filter>Source Files</Filter>
    </ClCompile>
    <ClCompile Include="..\last_error_to_string.c">
      <Filter>Source Files</Filter>
    </ClCompile>
  </ItemGroup>
  <ItemGroup>
    <ClInclude Include="../json.h">
      <Filter>Header Files</Filter>
    </ClInclude>
    <ClInclude Include="../net_adapter_enum.h">
      <Filter>Header Files</Filter>
    </ClInclude>
    <ClInclude Include="../cmd_handler.h">
      <Filter>Header Files</Filter>
    </ClInclude>
    <ClInclude Include="..\comm_with_named_pipe.h">
      <Filter>Header Files</Filter>
    </ClInclude>
    <ClInclude Include="..\smartdnsblock.h">
      <Filter>Header Files</Filter>
    </ClInclude>
    <ClInclude Include="..\win_cmd_wrapper.h">
      <Filter>Header Files</Filter>
    </ClInclude>
    <ClInclude Include="..\utf8_to_wchar.h">
      <Filter>Header Files</Filter>
    </ClInclude>
    <ClInclude Include="..\read_file_timeout.h">
      <Filter>Header Files</Filter>
    </ClInclude>
    <ClInclude Include="..\create_pipe_ex.h">
      <Filter>Header Files</Filter>
    </ClInclude>
    <ClInclude Include="..\last_error_to_string.h">
      <Filter>Header Files</Filter>
    </ClInclude>
  </ItemGroup>
</Project>