
Microsoft Visual Studio Solution File, Format Version 11.00
# Visual Studio 2010
Project("{8BC9CEB8-8B4A-11D0-8D11-00A0C91BC942}") = "ssrWin", "ssrWin\ssrWin.vcxproj", "{78E82813-DC2F-402E-9494-9C2844CD8641}"
	ProjectSection(ProjectDependencies) = postProject
		{F1F4BA6A-0368-4F34-95BB-C29A2244A772} = {F1F4BA6A-0368-4F34-95BB-C29A2244A772}
		{F97AD980-48B0-4C94-9662-499EFEE4AB44} = {F97AD980-48B0-4C94-9662-499EFEE4AB44}
		{E8072FB6-41C5-3D5C-A66F-329FB8A4D760} = {E8072FB6-41C5-3D5C-A66F-329FB8A4D760}
		{63EEE6DF-B47C-4CB5-B3C2-199D73978450} = {63EEE6DF-B47C-4CB5-B3C2-199D73978450}
	EndProjectSection
EndProject
Project("{8BC9CEB8-8B4A-11D0-8D11-00A0C91BC942}") = "libPrivoxy", "..\depends\privoxy\windows\libPrivoxy.vcxproj", "{63EEE6DF-B47C-4CB5-B3C2-199D73978450}"
EndProject
Project("{8BC9CEB8-8B4A-11D0-8D11-00A0C91BC942}") = "json-c", "..\depends\ssr-native\depends\json-c\win32\json-c.vcxproj", "{F1F4BA6A-0368-4F34-95BB-C29A2244A772}"
EndProject
Project("{8BC9CEB8-8B4A-11D0-8D11-00A0C91BC942}") = "libsodium", "..\depends\ssr-native\depends\libsodium\ssrbuild\libsodium.vcxproj", "{A185B162-6CB6-4502-B03F-B56F7699A8D9}"
EndProject
Project("{8BC9CEB8-8B4A-11D0-8D11-00A0C91BC942}") = "libuv", "..\depends\ssr-native\depends\libuv\win32\libuv.vcxproj", "{44EA013F-AD0F-4D53-8E06-0B4EF26F4B65}"
EndProject
Project("{8BC9CEB8-8B4A-11D0-8D11-00A0C91BC942}") = "mbedTLS", "..\depends\ssr-native\depends\mbedtls\visualc\vs2015\mbedTLS.vcxproj", "{46CF2D25-6A36-4189-B59C-E4815388E554}"
EndProject
Project("{8BC9CEB8-8B4A-11D0-8D11-00A0C91BC942}") = "uv-mbed", "..\depends\ssr-native\depends\uv-mbed\win32\dll\uv-mbed.vcxproj", "{E683C8F1-3C3F-4B5D-B60E-87D792D21002}"
	ProjectSection(ProjectDependencies) = postProject
		{46CF2D25-6A36-4189-B59C-E4815388E554} = {46CF2D25-6A36-4189-B59C-E4815388E554}
		{44EA013F-AD0F-4D53-8E06-0B4EF26F4B65} = {44EA013F-AD0F-4D53-8E06-0B4EF26F4B65}
	EndProjectSection
EndProject
Project("{8BC9CEB8-8B4A-11D0-8D11-00A0C91BC942}") = "ssr-client-lib", "..\depends\ssr-native\win32\ssr-client\ssr-client-lib.vcxproj", "{F97AD980-48B0-4C94-9662-499EFEE4AB44}"
	ProjectSection(ProjectDependencies) = postProject
		{46CF2D25-6A36-4189-B59C-E4815388E554} = {46CF2D25-6A36-4189-B59C-E4815388E554}
		{44EA013F-AD0F-4D53-8E06-0B4EF26F4B65} = {44EA013F-AD0F-4D53-8E06-0B4EF26F4B65}
		{A185B162-6CB6-4502-B03F-B56F7699A8D9} = {A185B162-6CB6-4502-B03F-B56F7699A8D9}
		{FCBB48D0-3186-4EC7-A2D9-C54A2BCF0B85} = {FCBB48D0-3186-4EC7-A2D9-C54A2BCF0B85}
		{E683C8F1-3C3F-4B5D-B60E-87D792D21002} = {E683C8F1-3C3F-4B5D-B60E-87D792D21002}
	EndProjectSection
EndProject
Project("{8BC9CEB8-8B4A-11D0-8D11-00A0C91BC942}") = "routeService", "routeService\routeService.vcxproj", "{CBC28B3B-897E-4DD4-8531-AD5DAD64AD88}"
EndProject
Project("{8BC9CEB8-8B4A-11D0-8D11-00A0C91BC942}") = "qrencode", "..\depends\libqrencode\win32\qrencode.vcxproj", "{F0291457-FA64-3B06-B6D2-3878C7D18EA0}"
EndProject
Project("{8BC9CEB8-8B4A-11D0-8D11-00A0C91BC942}") = "zbar", "..\depends\zbar\win32\zbar.vcxproj", "{E8072FB6-41C5-3D5C-A66F-329FB8A4D760}"
	ProjectSection(ProjectDependencies) = postProject
		{F8837083-04B2-3D79-96DC-D36A40C5D304} = {F8837083-04B2-3D79-96DC-D36A40C5D304}
	EndProjectSection
EndProject
Project("{8BC9CEB8-8B4A-11D0-8D11-00A0C91BC942}") = "libiconv", "..\depends\zbar\libiconv\win32\libiconv.vcxproj", "{F8837083-04B2-3D79-96DC-D36A40C5D304}"
EndProject
Project("{8BC9CEB8-8B4A-11D0-8D11-00A0C91BC942}") = "bloom", "..\depends\ssr-native\depends\libbloom\win32\bloom.vcxproj", "{FCBB48D0-3186-4EC7-A2D9-C54A2BCF0B85}"
EndProject
Global
	GlobalSection(SolutionConfigurationPlatforms) = preSolution
		Debug|Win32 = Debug|Win32
		Debug|x64 = Debug|x64
		Release|Win32 = Release|Win32
		Release|x64 = Release|x64
	EndGlobalSection
	GlobalSection(ProjectConfigurationPlatforms) = postSolution
		{78E82813-DC2F-402E-9494-9C2844CD8641}.Debug|Win32.ActiveCfg = Debug|Win32
		{78E82813-DC2F-402E-9494-9C2844CD8641}.Debug|Win32.Build.0 = Debug|Win32
		{78E82813-DC2F-402E-9494-9C2844CD8641}.Debug|x64.ActiveCfg = Debug|x64
		{78E82813-DC2F-402E-9494-9C2844CD8641}.Debug|x64.Build.0 = Debug|x64
		{78E82813-DC2F-402E-9494-9C2844CD8641}.Release|Win32.ActiveCfg = Release|Win32
		{78E82813-DC2F-402E-9494-9C2844CD8641}.Release|Win32.Build.0 = Release|Win32
		{78E82813-DC2F-402E-9494-9C2844CD8641}.Release|x64.ActiveCfg = Release|x64
		{78E82813-DC2F-402E-9494-9C2844CD8641}.Release|x64.Build.0 = Release|x64
		{63EEE6DF-B47C-4CB5-B3C2-199D73978450}.Debug|Win32.ActiveCfg = Debug|Win32
		{63EEE6DF-B47C-4CB5-B3C2-199D73978450}.Debug|Win32.Build.0 = Debug|Win32
		{63EEE6DF-B47C-4CB5-B3C2-199D73978450}.Debug|x64.ActiveCfg = Debug|x64
		{63EEE6DF-B47C-4CB5-B3C2-199D73978450}.Debug|x64.Build.0 = Debug|x64
		{63EEE6DF-B47C-4CB5-B3C2-199D73978450}.Release|Win32.ActiveCfg = Release|Win32
		{63EEE6DF-B47C-4CB5-B3C2-199D73978450}.Release|Win32.Build.0 = Release|Win32
		{63EEE6DF-B47C-4CB5-B3C2-199D73978450}.Release|x64.ActiveCfg = Release|x64
		{63EEE6DF-B47C-4CB5-B3C2-199D73978450}.Release|x64.Build.0 = Release|x64
		{F1F4BA6A-0368-4F34-95BB-C29A2244A772}.Debug|Win32.ActiveCfg = Debug|Win32
		{F1F4BA6A-0368-4F34-95BB-C29A2244A772}.Debug|Win32.Build.0 = Debug|Win32
		{F1F4BA6A-0368-4F34-95BB-C29A2244A772}.Debug|x64.ActiveCfg = Debug|x64
		{F1F4BA6A-0368-4F34-95BB-C29A2244A772}.Debug|x64.Build.0 = Debug|x64
		{F1F4BA6A-0368-4F34-95BB-C29A2244A772}.Release|Win32.ActiveCfg = Release|Win32
		{F1F4BA6A-0368-4F34-95BB-C29A2244A772}.Release|Win32.Build.0 = Release|Win32
		{F1F4BA6A-0368-4F34-95BB-C29A2244A772}.Release|x64.ActiveCfg = Release|x64
		{F1F4BA6A-0368-4F34-95BB-C29A2244A772}.Release|x64.Build.0 = Release|x64
		{A185B162-6CB6-4502-B03F-B56F7699A8D9}.Debug|Win32.ActiveCfg = Debug|Win32
		{A185B162-6CB6-4502-B03F-B56F7699A8D9}.Debug|Win32.Build.0 = Debug|Win32
		{A185B162-6CB6-4502-B03F-B56F7699A8D9}.Debug|x64.ActiveCfg = Debug|x64
		{A185B162-6CB6-4502-B03F-B56F7699A8D9}.Debug|x64.Build.0 = Debug|x64
		{A185B162-6CB6-4502-B03F-B56F7699A8D9}.Release|Win32.ActiveCfg = Release|Win32
		{A185B162-6CB6-4502-B03F-B56F7699A8D9}.Release|Win32.Build.0 = Release|Win32
		{A185B162-6CB6-4502-B03F-B56F7699A8D9}.Release|x64.ActiveCfg = Release|x64
		{A185B162-6CB6-4502-B03F-B56F7699A8D9}.Release|x64.Build.0 = Release|x64
		{44EA013F-AD0F-4D53-8E06-0B4EF26F4B65}.Debug|Win32.ActiveCfg = Debug|Win32
		{44EA013F-AD0F-4D53-8E06-0B4EF26F4B65}.Debug|Win32.Build.0 = Debug|Win32
		{44EA013F-AD0F-4D53-8E06-0B4EF26F4B65}.Debug|x64.ActiveCfg = Debug|x64
		{44EA013F-AD0F-4D53-8E06-0B4EF26F4B65}.Debug|x64.Build.0 = Debug|x64
		{44EA013F-AD0F-4D53-8E06-0B4EF26F4B65}.Release|Win32.ActiveCfg = Release|Win32
		{44EA013F-AD0F-4D53-8E06-0B4EF26F4B65}.Release|Win32.Build.0 = Release|Win32
		{44EA013F-AD0F-4D53-8E06-0B4EF26F4B65}.Release|x64.ActiveCfg = Release|x64
		{44EA013F-AD0F-4D53-8E06-0B4EF26F4B65}.Release|x64.Build.0 = Release|x64
		{46CF2D25-6A36-4189-B59C-E4815388E554}.Debug|Win32.ActiveCfg = Debug|Win32
		{46CF2D25-6A36-4189-B59C-E4815388E554}.Debug|Win32.Build.0 = Debug|Win32
		{46CF2D25-6A36-4189-B59C-E4815388E554}.Debug|x64.ActiveCfg = Debug|x64
		{46CF2D25-6A36-4189-B59C-E4815388E554}.Debug|x64.Build.0 = Debug|x64
		{46CF2D25-6A36-4189-B59C-E4815388E554}.Release|Win32.ActiveCfg = Release|Win32
		{46CF2D25-6A36-4189-B59C-E4815388E554}.Release|Win32.Build.0 = Release|Win32
		{46CF2D25-6A36-4189-B59C-E4815388E554}.Release|x64.ActiveCfg = Release|x64
		{46CF2D25-6A36-4189-B59C-E4815388E554}.Release|x64.Build.0 = Release|x64
		{E683C8F1-3C3F-4B5D-B60E-87D792D21002}.Debug|Win32.ActiveCfg = Debug|Win32
		{E683C8F1-3C3F-4B5D-B60E-87D792D21002}.Debug|Win32.Build.0 = Debug|Win32
		{E683C8F1-3C3F-4B5D-B60E-87D792D21002}.Debug|x64.ActiveCfg = Debug|x64
		{E683C8F1-3C3F-4B5D-B60E-87D792D21002}.Debug|x64.Build.0 = Debug|x64
		{E683C8F1-3C3F-4B5D-B60E-87D792D21002}.Release|Win32.ActiveCfg = Release|Win32
		{E683C8F1-3C3F-4B5D-B60E-87D792D21002}.Release|Win32.Build.0 = Release|Win32
		{E683C8F1-3C3F-4B5D-B60E-87D792D21002}.Release|x64.ActiveCfg = Release|x64
		{E683C8F1-3C3F-4B5D-B60E-87D792D21002}.Release|x64.Build.0 = Release|x64
		{F97AD980-48B0-4C94-9662-499EFEE4AB44}.Debug|Win32.ActiveCfg = Debug|Win32
		{F97AD980-48B0-4C94-9662-499EFEE4AB44}.Debug|Win32.Build.0 = Debug|Win32
		{F97AD980-48B0-4C94-9662-499EFEE4AB44}.Debug|x64.ActiveCfg = Debug|x64
		{F97AD980-48B0-4C94-9662-499EFEE4AB44}.Debug|x64.Build.0 = Debug|x64
		{F97AD980-48B0-4C94-9662-499EFEE4AB44}.Release|Win32.ActiveCfg = Release|Win32
		{F97AD980-48B0-4C94-9662-499EFEE4AB44}.Release|Win32.Build.0 = Release|Win32
		{F97AD980-48B0-4C94-9662-499EFEE4AB44}.Release|x64.ActiveCfg = Release|x64
		{F97AD980-48B0-4C94-9662-499EFEE4AB44}.Release|x64.Build.0 = Release|x64
		{CBC28B3B-897E-4DD4-8531-AD5DAD64AD88}.Debug|Win32.ActiveCfg = Debug|Win32
		{CBC28B3B-897E-4DD4-8531-AD5DAD64AD88}.Debug|Win32.Build.0 = Debug|Win32
		{CBC28B3B-897E-4DD4-8531-AD5DAD64AD88}.Debug|x64.ActiveCfg = Debug|x64
		{CBC28B3B-897E-4DD4-8531-AD5DAD64AD88}.Debug|x64.Build.0 = Debug|x64
		{CBC28B3B-897E-4DD4-8531-AD5DAD64AD88}.Release|Win32.ActiveCfg = Release|Win32
		{CBC28B3B-897E-4DD4-8531-AD5DAD64AD88}.Release|Win32.Build.0 = Release|Win32
		{CBC28B3B-897E-4DD4-8531-AD5DAD64AD88}.Release|x64.ActiveCfg = Release|x64
		{CBC28B3B-897E-4DD4-8531-AD5DAD64AD88}.Release|x64.Build.0 = Release|x64
		{F0291457-FA64-3B06-B6D2-3878C7D18EA0}.Debug|Win32.ActiveCfg = Debug|Win32
		{F0291457-FA64-3B06-B6D2-3878C7D18EA0}.Debug|Win32.Build.0 = Debug|Win32
		{F0291457-FA64-3B06-B6D2-3878C7D18EA0}.Debug|x64.ActiveCfg = Debug|x64
		{F0291457-FA64-3B06-B6D2-3878C7D18EA0}.Debug|x64.Build.0 = Debug|x64
		{F0291457-FA64-3B06-B6D2-3878C7D18EA0}.Release|Win32.ActiveCfg = Release|Win32
		{F0291457-FA64-3B06-B6D2-3878C7D18EA0}.Release|Win32.Build.0 = Release|Win32
		{F0291457-FA64-3B06-B6D2-3878C7D18EA0}.Release|x64.ActiveCfg = Release|x64
		{F0291457-FA64-3B06-B6D2-3878C7D18EA0}.Release|x64.Build.0 = Release|x64
		{E8072FB6-41C5-3D5C-A66F-329FB8A4D760}.Debug|Win32.ActiveCfg = Debug|Win32
		{E8072FB6-41C5-3D5C-A66F-329FB8A4D760}.Debug|Win32.Build.0 = Debug|Win32
		{E8072FB6-41C5-3D5C-A66F-329FB8A4D760}.Debug|x64.ActiveCfg = Debug|x64
		{E8072FB6-41C5-3D5C-A66F-329FB8A4D760}.Debug|x64.Build.0 = Debug|x64
		{E8072FB6-41C5-3D5C-A66F-329FB8A4D760}.Release|Win32.ActiveCfg = Release|Win32
		{E8072FB6-41C5-3D5C-A66F-329FB8A4D760}.Release|Win32.Build.0 = Release|Win32
		{E8072FB6-41C5-3D5C-A66F-329FB8A4D760}.Release|x64.ActiveCfg = Release|x64
		{E8072FB6-41C5-3D5C-A66F-329FB8A4D760}.Release|x64.Build.0 = Release|x64
		{F8837083-04B2-3D79-96DC-D36A40C5D304}.Debug|Win32.ActiveCfg = Debug|Win32
		{F8837083-04B2-3D79-96DC-D36A40C5D304}.Debug|Win32.Build.0 = Debug|Win32
		{F8837083-04B2-3D79-96DC-D36A40C5D304}.Debug|x64.ActiveCfg = Debug|x64
		{F8837083-04B2-3D79-96DC-D36A40C5D304}.Debug|x64.Build.0 = Debug|x64
		{F8837083-04B2-3D79-96DC-D36A40C5D304}.Release|Win32.ActiveCfg = Release|Win32
		{F8837083-04B2-3D79-96DC-D36A40C5D304}.Release|Win32.Build.0 = Release|Win32
		{F8837083-04B2-3D79-96DC-D36A40C5D304}.Release|x64.ActiveCfg = Release|x64
		{F8837083-04B2-3D79-96DC-D36A40C5D304}.Release|x64.Build.0 = Release|x64
		{FCBB48D0-3186-4EC7-A2D9-C54A2BCF0B85}.Debug|Win32.ActiveCfg = Debug|Win32
		{FCBB48D0-3186-4EC7-A2D9-C54A2BCF0B85}.Debug|Win32.Build.0 = Debug|Win32
		{FCBB48D0-3186-4EC7-A2D9-C54A2BCF0B85}.Debug|x64.ActiveCfg = Debug|x64
		{FCBB48D0-3186-4EC7-A2D9-C54A2BCF0B85}.Debug|x64.Build.0 = Debug|x64
		{FCBB48D0-3186-4EC7-A2D9-C54A2BCF0B85}.Release|Win32.ActiveCfg = Release|Win32
		{FCBB48D0-3186-4EC7-A2D9-C54A2BCF0B85}.Release|Win32.Build.0 = Release|Win32
		{FCBB48D0-3186-4EC7-A2D9-C54A2BCF0B85}.Release|x64.ActiveCfg = Release|x64
		{FCBB48D0-3186-4EC7-A2D9-C54A2BCF0B85}.Release|x64.Build.0 = Release|x64
	EndGlobalSection
	GlobalSection(SolutionProperties) = preSolution
		HideSolutionNode = FALSE
	EndGlobalSection
EndGlobal
